
Microsoft Visual Studio Solution File, Format Version 12.00
# Visual Studio Version 16
Project("{2150E333-8FDC-42A3-9474-1A3956D46DE8}") = "CMakePredefinedTargets", "CMakePredefinedTargets", "{C3D382F0-6B4D-3A6D-9427-EBE5C4335813}"
EndProject
Project("{2150E333-8FDC-42A3-9474-1A3956D46DE8}") = "GLFW3", "GLFW3", "{3CE0EBB9-594A-323C-82E8-53A16CA24B0C}"
EndProject
Project("{8BC9CEB8-8B4A-11D0-8D11-00A0C91BC942}") = "ALL_BUILD", "ALL_BUILD.vcxproj", "{3A119B78-A3D1-32AB-9E18-C7B63B382F55}"
	ProjectSection(ProjectDependencies) = postProject
		{67D5A95C-D430-383A-957E-484C421C963A} = {67D5A95C-D430-383A-957E-484C421C963A}
		{D66A6E70-FA10-3322-BBD7-92545800EA51} = {D66A6E70-FA10-3322-BBD7-92545800EA51}
	EndProjectSection
EndProject
Project("{8BC9CEB8-8B4A-11D0-8D11-00A0C91BC942}") = "INSTALL", "INSTALL.vcxproj", "{E371171B-E8FB-3AA9-BE49-F5A368AA4CAD}"
	ProjectSection(ProjectDependencies) = postProject
		{3A119B78-A3D1-32AB-9E18-C7B63B382F55} = {3A119B78-A3D1-32AB-9E18-C7B63B382F55}
		{67D5A95C-D430-383A-957E-484C421C963A} = {67D5A95C-D430-383A-957E-484C421C963A}
	EndProjectSection
EndProject
Project("{8BC9CEB8-8B4A-11D0-8D11-00A0C91BC942}") = "ZERO_CHECK", "ZERO_CHECK.vcxproj", "{67D5A95C-D430-383A-957E-484C421C963A}"
	ProjectSection(ProjectDependencies) = postProject
	EndProjectSection
EndProject
Project("{8BC9CEB8-8B4A-11D0-8D11-00A0C91BC942}") = "glfw", "src\glfw.vcxproj", "{D66A6E70-FA10-3322-BBD7-92545800EA51}"
	ProjectSection(ProjectDependencies) = postProject
		{67D5A95C-D430-383A-957E-484C421C963A} = {67D5A95C-D430-383A-957E-484C421C963A}
	EndProjectSection
EndProject
Project("{8BC9CEB8-8B4A-11D0-8D11-00A0C91BC942}") = "uninstall", "uninstall.vcxproj", "{A7579B96-0AF1-3FD2-96E7-14289A57926E}"
	ProjectSection(ProjectDependencies) = postProject
		{67D5A95C-D430-383A-957E-484C421C963A} = {67D5A95C-D430-383A-957E-484C421C963A}
	EndProjectSection
EndProject
Global
	GlobalSection(SolutionConfigurationPlatforms) = preSolution
		Debug|Win32 = Debug|Win32
		Release|Win32 = Release|Win32
		MinSizeRel|Win32 = MinSizeRel|Win32
		RelWithDebInfo|Win32 = RelWithDebInfo|Win32
	EndGlobalSection
	GlobalSection(ProjectConfigurationPlatforms) = postSolution
		{3A119B78-A3D1-32AB-9E18-C7B63B382F55}.Debug|Win32.ActiveCfg = Debug|Win32
		{3A119B78-A3D1-32AB-9E18-C7B63B382F55}.Debug|Win32.Build.0 = Debug|Win32
		{3A119B78-A3D1-32AB-9E18-C7B63B382F55}.Release|Win32.ActiveCfg = Release|Win32
		{3A119B78-A3D1-32AB-9E18-C7B63B382F55}.Release|Win32.Build.0 = Release|Win32
		{3A119B78-A3D1-32AB-9E18-C7B63B382F55}.MinSizeRel|Win32.ActiveCfg = MinSizeRel|Win32
		{3A119B78-A3D1-32AB-9E18-C7B63B382F55}.MinSizeRel|Win32.Build.0 = MinSizeRel|Win32
		{3A119B78-A3D1-32AB-9E18-C7B63B382F55}.RelWithDebInfo|Win32.ActiveCfg = RelWithDebInfo|Win32
		{3A119B78-A3D1-32AB-9E18-C7B63B382F55}.RelWithDebInfo|Win32.Build.0 = RelWithDebInfo|Win32
		{E371171B-E8FB-3AA9-BE49-F5A368AA4CAD}.Debug|Win32.ActiveCfg = Debug|Win32
		{E371171B-E8FB-3AA9-BE49-F5A368AA4CAD}.Release|Win32.ActiveCfg = Release|Win32
		{E371171B-E8FB-3AA9-BE49-F5A368AA4CAD}.MinSizeRel|Win32.ActiveCfg = MinSizeRel|Win32
		{E371171B-E8FB-3AA9-BE49-F5A368AA4CAD}.RelWithDebInfo|Win32.ActiveCfg = RelWithDebInfo|Win32
		{67D5A95C-D430-383A-957E-484C421C963A}.Debug|Win32.ActiveCfg = Debug|Win32
		{67D5A95C-D430-383A-957E-484C421C963A}.Debug|Win32.Build.0 = Debug|Win32
		{67D5A95C-D430-383A-957E-484C421C963A}.Release|Win32.ActiveCfg = Release|Win32
		{67D5A95C-D430-383A-957E-484C421C963A}.Release|Win32.Build.0 = Release|Win32
		{67D5A95C-D430-383A-957E-484C421C963A}.MinSizeRel|Win32.ActiveCfg = MinSizeRel|Win32
		{67D5A95C-D430-383A-957E-484C421C963A}.MinSizeRel|Win32.Build.0 = MinSizeRel|Win32
		{67D5A95C-D430-383A-957E-484C421C963A}.RelWithDebInfo|Win32.ActiveCfg = RelWithDebInfo|Win32
		{67D5A95C-D430-383A-957E-484C421C963A}.RelWithDebInfo|Win32.Build.0 = RelWithDebInfo|Win32
		{D66A6E70-FA10-3322-BBD7-92545800EA51}.Debug|Win32.ActiveCfg = Debug|Win32
		{D66A6E70-FA10-3322-BBD7-92545800EA51}.Debug|Win32.Build.0 = Debug|Win32
		{D66A6E70-FA10-3322-BBD7-92545800EA51}.Release|Win32.ActiveCfg = Release|Win32
		{D66A6E70-FA10-3322-BBD7-92545800EA51}.Release|Win32.Build.0 = Release|Win32
		{D66A6E70-FA10-3322-BBD7-92545800EA51}.MinSizeRel|Win32.ActiveCfg = MinSizeRel|Win32
		{D66A6E70-FA10-3322-BBD7-92545800EA51}.MinSizeRel|Win32.Build.0 = MinSizeRel|Win32
		{D66A6E70-FA10-3322-BBD7-92545800EA51}.RelWithDebInfo|Win32.ActiveCfg = RelWithDebInfo|Win32
		{D66A6E70-FA10-3322-BBD7-92545800EA51}.RelWithDebInfo|Win32.Build.0 = RelWithDebInfo|Win32
		{A7579B96-0AF1-3FD2-96E7-14289A57926E}.Debug|Win32.ActiveCfg = Debug|Win32
		{A7579B96-0AF1-3FD2-96E7-14289A57926E}.Release|Win32.ActiveCfg = Release|Win32
		{A7579B96-0AF1-3FD2-96E7-14289A57926E}.MinSizeRel|Win32.ActiveCfg = MinSizeRel|Win32
		{A7579B96-0AF1-3FD2-96E7-14289A57926E}.RelWithDebInfo|Win32.ActiveCfg = RelWithDebInfo|Win32
	EndGlobalSection
	GlobalSection(NestedProjects) = preSolution
		{3A119B78-A3D1-32AB-9E18-C7B63B382F55} = {C3D382F0-6B4D-3A6D-9427-EBE5C4335813}
		{E371171B-E8FB-3AA9-BE49-F5A368AA4CAD} = {C3D382F0-6B4D-3A6D-9427-EBE5C4335813}
		{67D5A95C-D430-383A-957E-484C421C963A} = {C3D382F0-6B4D-3A6D-9427-EBE5C4335813}
		{D66A6E70-FA10-3322-BBD7-92545800EA51} = {3CE0EBB9-594A-323C-82E8-53A16CA24B0C}
		{A7579B96-0AF1-3FD2-96E7-14289A57926E} = {3CE0EBB9-594A-323C-82E8-53A16CA24B0C}
	EndGlobalSection
	GlobalSection(ExtensibilityGlobals) = postSolution
		SolutionGuid = {31D7B1CC-8D39-320F-8781-7F843DB0007F}
	EndGlobalSection
	GlobalSection(ExtensibilityAddIns) = postSolution
	EndGlobalSection
EndGlobal
