
Microsoft Visual Studio Solution File, Format Version 12.00
# Visual Studio Version 16
Project("{2150E333-8FDC-42A3-9474-1A3956D46DE8}") = "CMakePredefinedTargets", "CMakePredefinedTargets", "{53FD95D2-448B-3EF8-911D-F8EF50661E87}"
EndProject
Project("{2150E333-8FDC-42A3-9474-1A3956D46DE8}") = "GLFW3", "GLFW3", "{F4B65FCF-EB4A-39E3-AB9F-B5066337C04A}"
EndProject
Project("{8BC9CEB8-8B4A-11D0-8D11-00A0C91BC942}") = "ALL_BUILD", "ALL_BUILD.vcxproj", "{4FC1F2B8-6BB1-32FE-A432-193035175AE5}"
	ProjectSection(ProjectDependencies) = postProject
		{A2D43DE4-0510-3C81-94B3-28FE501DF550} = {A2D43DE4-0510-3C81-94B3-28FE501DF550}
		{E80B189D-0DA8-3706-ABC5-DF9A77D99839} = {E80B189D-0DA8-3706-ABC5-DF9A77D99839}
	EndProjectSection
EndProject
Project("{8BC9CEB8-8B4A-11D0-8D11-00A0C91BC942}") = "ZERO_CHECK", "ZERO_CHECK.vcxproj", "{A2D43DE4-0510-3C81-94B3-28FE501DF550}"
	ProjectSection(ProjectDependencies) = postProject
	EndProjectSection
EndProject
Project("{8BC9CEB8-8B4A-11D0-8D11-00A0C91BC942}") = "glfw", "src\glfw.vcxproj", "{E80B189D-0DA8-3706-ABC5-DF9A77D99839}"
	ProjectSection(ProjectDependencies) = postProject
		{A2D43DE4-0510-3C81-94B3-28FE501DF550} = {A2D43DE4-0510-3C81-94B3-28FE501DF550}
	EndProjectSection
EndProject
Global
	GlobalSection(SolutionConfigurationPlatforms) = preSolution
		Debug|x64 = Debug|x64
		Release|x64 = Release|x64
		MinSizeRel|x64 = MinSizeRel|x64
		RelWithDebInfo|x64 = RelWithDebInfo|x64
	EndGlobalSection
	GlobalSection(ProjectConfigurationPlatforms) = postSolution
		{4FC1F2B8-6BB1-32FE-A432-193035175AE5}.Debug|x64.ActiveCfg = Debug|x64
		{4FC1F2B8-6BB1-32FE-A432-193035175AE5}.Release|x64.ActiveCfg = Release|x64
		{4FC1F2B8-6BB1-32FE-A432-193035175AE5}.MinSizeRel|x64.ActiveCfg = MinSizeRel|x64
		{4FC1F2B8-6BB1-32FE-A432-193035175AE5}.RelWithDebInfo|x64.ActiveCfg = RelWithDebInfo|x64
		{A2D43DE4-0510-3C81-94B3-28FE501DF550}.Debug|x64.ActiveCfg = Debug|x64
		{A2D43DE4-0510-3C81-94B3-28FE501DF550}.Debug|x64.Build.0 = Debug|x64
		{A2D43DE4-0510-3C81-94B3-28FE501DF550}.Release|x64.ActiveCfg = Release|x64
		{A2D43DE4-0510-3C81-94B3-28FE501DF550}.Release|x64.Build.0 = Release|x64
		{A2D43DE4-0510-3C81-94B3-28FE501DF550}.MinSizeRel|x64.ActiveCfg = MinSizeRel|x64
		{A2D43DE4-0510-3C81-94B3-28FE501DF550}.MinSizeRel|x64.Build.0 = MinSizeRel|x64
		{A2D43DE4-0510-3C81-94B3-28FE501DF550}.RelWithDebInfo|x64.ActiveCfg = RelWithDebInfo|x64
		{A2D43DE4-0510-3C81-94B3-28FE501DF550}.RelWithDebInfo|x64.Build.0 = RelWithDebInfo|x64
		{E80B189D-0DA8-3706-ABC5-DF9A77D99839}.Debug|x64.ActiveCfg = Debug|x64
		{E80B189D-0DA8-3706-ABC5-DF9A77D99839}.Debug|x64.Build.0 = Debug|x64
		{E80B189D-0DA8-3706-ABC5-DF9A77D99839}.Release|x64.ActiveCfg = Release|x64
		{E80B189D-0DA8-3706-ABC5-DF9A77D99839}.Release|x64.Build.0 = Release|x64
		{E80B189D-0DA8-3706-ABC5-DF9A77D99839}.MinSizeRel|x64.ActiveCfg = MinSizeRel|x64
		{E80B189D-0DA8-3706-ABC5-DF9A77D99839}.MinSizeRel|x64.Build.0 = MinSizeRel|x64
		{E80B189D-0DA8-3706-ABC5-DF9A77D99839}.RelWithDebInfo|x64.ActiveCfg = RelWithDebInfo|x64
		{E80B189D-0DA8-3706-ABC5-DF9A77D99839}.RelWithDebInfo|x64.Build.0 = RelWithDebInfo|x64
	EndGlobalSection
	GlobalSection(NestedProjects) = preSolution
		{4FC1F2B8-6BB1-32FE-A432-193035175AE5} = {53FD95D2-448B-3EF8-911D-F8EF50661E87}
		{A2D43DE4-0510-3C81-94B3-28FE501DF550} = {53FD95D2-448B-3EF8-911D-F8EF50661E87}
		{E80B189D-0DA8-3706-ABC5-DF9A77D99839} = {F4B65FCF-EB4A-39E3-AB9F-B5066337C04A}
	EndGlobalSection
	GlobalSection(ExtensibilityGlobals) = postSolution
		SolutionGuid = {AC944B84-B2A9-3DF9-B641-88B3C0C66786}
	EndGlobalSection
	GlobalSection(ExtensibilityAddIns) = postSolution
	EndGlobalSection
EndGlobal
